// !$*UTF8*$!
{
	archiveVersion = 1;
	classes = {
	};
	objectVersion = 56;
	objects = {

/* Begin PBXBuildFile section */
		CFE1476C2A117DD300C3BABD /* AppDelegate.swift in Sources */ = {isa = PBXBuildFile; fileRef = CFE1476B2A117DD300C3BABD /* AppDelegate.swift */; };
		CFE1476E2A117DD300C3BABD /* SceneDelegate.swift in Sources */ = {isa = PBXBuildFile; fileRef = CFE1476D2A117DD300C3BABD /* SceneDelegate.swift */; };
		CFE147702A117DD300C3BABD /* ViewController.swift in Sources */ = {isa = PBXBuildFile; fileRef = CFE1476F2A117DD300C3BABD /* ViewController.swift */; };
		CFE147732A117DD300C3BABD /* Main.storyboard in Resources */ = {isa = PBXBuildFile; fileRef = CFE147712A117DD300C3BABD /* Main.storyboard */; };
		CFE147752A117DD700C3BABD /* Assets.xcassets in Resources */ = {isa = PBXBuildFile; fileRef = CFE147742A117DD700C3BABD /* Assets.xcassets */; };
		CFE147782A117DD700C3BABD /* LaunchScreen.storyboard in Resources */ = {isa = PBXBuildFile; fileRef = CFE147762A117DD700C3BABD /* LaunchScreen.storyboard */; };
		CFE147832A117DD800C3BABD /* Create_Answer_goodTests.swift in Sources */ = {isa = PBXBuildFile; fileRef = CFE147822A117DD800C3BABD /* Create_Answer_goodTests.swift */; };
		CFE1478D2A117DD800C3BABD /* Create_Answer_goodUITests.swift in Sources */ = {isa = PBXBuildFile; fileRef = CFE1478C2A117DD800C3BABD /* Create_Answer_goodUITests.swift */; };
		CFE1478F2A117DD800C3BABD /* Create_Answer_goodUITestsLaunchTests.swift in Sources */ = {isa = PBXBuildFile; fileRef = CFE1478E2A117DD800C3BABD /* Create_Answer_goodUITestsLaunchTests.swift */; };
/* End PBXBuildFile section */

/* Begin PBXContainerItemProxy section */
		CFE1477F2A117DD800C3BABD /* PBXContainerItemProxy */ = {
			isa = PBXContainerItemProxy;
			containerPortal = CFE147602A117DD300C3BABD /* Project object */;
			proxyType = 1;
			remoteGlobalIDString = CFE147672A117DD300C3BABD;
			remoteInfo = "Create Answer good";
		};
		CFE147892A117DD800C3BABD /* PBXContainerItemProxy */ = {
			isa = PBXContainerItemProxy;
			containerPortal = CFE147602A117DD300C3BABD /* Project object */;
			proxyType = 1;
			remoteGlobalIDString = CFE147672A117DD300C3BABD;
			remoteInfo = "Create Answer good";
		};
/* End PBXContainerItemProxy section */

/* Begin PBXFileReference section */
		CFE147682A117DD300C3BABD /* Create Answer good.app */ = {isa = PBXFileReference; explicitFileType = wrapper.application; includeInIndex = 0; path = "Create Answer good.app"; sourceTree = BUILT_PRODUCTS_DIR; };
		CFE1476B2A117DD300C3BABD /* AppDelegate.swift */ = {isa = PBXFileReference; lastKnownFileType = sourcecode.swift; path = AppDelegate.swift; sourceTree = "<group>"; };
		CFE1476D2A117DD300C3BABD /* SceneDelegate.swift */ = {isa = PBXFileReference; lastKnownFileType = sourcecode.swift; path = SceneDelegate.swift; sourceTree = "<group>"; };
		CFE1476F2A117DD300C3BABD /* ViewController.swift */ = {isa = PBXFileReference; lastKnownFileType = sourcecode.swift; path = ViewController.swift; sourceTree = "<group>"; };
		CFE147722A117DD300C3BABD /* Base */ = {isa = PBXFileReference; lastKnownFileType = file.storyboard; name = Base; path = Base.lproj/Main.storyboard; sourceTree = "<group>"; };
		CFE147742A117DD700C3BABD /* Assets.xcassets */ = {isa = PBXFileReference; lastKnownFileType = folder.assetcatalog; path = Assets.xcassets; sourceTree = "<group>"; };
		CFE147772A117DD700C3BABD /* Base */ = {isa = PBXFileReference; lastKnownFileType = file.storyboard; name = Base; path = Base.lproj/LaunchScreen.storyboard; sourceTree = "<group>"; };
		CFE147792A117DD700C3BABD /* Info.plist */ = {isa = PBXFileReference; lastKnownFileType = text.plist.xml; path = Info.plist; sourceTree = "<group>"; };
		CFE1477E2A117DD800C3BABD /* Create Answer goodTests.xctest */ = {isa = PBXFileReference; explicitFileType = wrapper.cfbundle; includeInIndex = 0; path = "Create Answer goodTests.xctest"; sourceTree = BUILT_PRODUCTS_DIR; };
		CFE147822A117DD800C3BABD /* Create_Answer_goodTests.swift */ = {isa = PBXFileReference; lastKnownFileType = sourcecode.swift; path = Create_Answer_goodTests.swift; sourceTree = "<group>"; };
		CFE147882A117DD800C3BABD /* Create Answer goodUITests.xctest */ = {isa = PBXFileReference; explicitFileType = wrapper.cfbundle; includeInIndex = 0; path = "Create Answer goodUITests.xctest"; sourceTree = BUILT_PRODUCTS_DIR; };
		CFE1478C2A117DD800C3BABD /* Create_Answer_goodUITests.swift */ = {isa = PBXFileReference; lastKnownFileType = sourcecode.swift; path = Create_Answer_goodUITests.swift; sourceTree = "<group>"; };
		CFE1478E2A117DD800C3BABD /* Create_Answer_goodUITestsLaunchTests.swift */ = {isa = PBXFileReference; lastKnownFileType = sourcecode.swift; path = Create_Answer_goodUITestsLaunchTests.swift; sourceTree = "<group>"; };
/* End PBXFileReference section */

/* Begin PBXFrameworksBuildPhase section */
		CFE147652A117DD300C3BABD /* Frameworks */ = {
			isa = PBXFrameworksBuildPhase;
			buildActionMask = 2147483647;
			files = (
			);
			runOnlyForDeploymentPostprocessing = 0;
		};
		CFE1477B2A117DD800C3BABD /* Frameworks */ = {
			isa = PBXFrameworksBuildPhase;
			buildActionMask = 2147483647;
			files = (
			);
			runOnlyForDeploymentPostprocessing = 0;
		};
		CFE147852A117DD800C3BABD /* Frameworks */ = {
			isa = PBXFrameworksBuildPhase;
			buildActionMask = 2147483647;
			files = (
			);
			runOnlyForDeploymentPostprocessing = 0;
		};
/* End PBXFrameworksBuildPhase section */

/* Begin PBXGroup section */
		CFE1475F2A117DD300C3BABD = {
			isa = PBXGroup;
			children = (
				CFE1476A2A117DD300C3BABD /* Create Answer good */,
				CFE147812A117DD800C3BABD /* Create Answer goodTests */,
				CFE1478B2A117DD800C3BABD /* Create Answer goodUITests */,
				CFE147692A117DD300C3BABD /* Products */,
			);
			sourceTree = "<group>";
		};
		CFE147692A117DD300C3BABD /* Products */ = {
			isa = PBXGroup;
			children = (
				CFE147682A117DD300C3BABD /* Create Answer good.app */,
				CFE1477E2A117DD800C3BABD /* Create Answer goodTests.xctest */,
				CFE147882A117DD800C3BABD /* Create Answer goodUITests.xctest */,
			);
			name = Products;
			sourceTree = "<group>";
		};
		CFE1476A2A117DD300C3BABD /* Create Answer good */ = {
			isa = PBXGroup;
			children = (
				CFE1476B2A117DD300C3BABD /* AppDelegate.swift */,
				CFE1476D2A117DD300C3BABD /* SceneDelegate.swift */,
				CFE1476F2A117DD300C3BABD /* ViewController.swift */,
				CFE147712A117DD300C3BABD /* Main.storyboard */,
				CFE147742A117DD700C3BABD /* Assets.xcassets */,
				CFE147762A117DD700C3BABD /* LaunchScreen.storyboard */,
				CFE147792A117DD700C3BABD /* Info.plist */,
			);
			path = "Create Answer good";
			sourceTree = "<group>";
		};
		CFE147812A117DD800C3BABD /* Create Answer goodTests */ = {
			isa = PBXGroup;
			children = (
				CFE147822A117DD800C3BABD /* Create_Answer_goodTests.swift */,
			);
			path = "Create Answer goodTests";
			sourceTree = "<group>";
		};
		CFE1478B2A117DD800C3BABD /* Create Answer goodUITests */ = {
			isa = PBXGroup;
			children = (
				CFE1478C2A117DD800C3BABD /* Create_Answer_goodUITests.swift */,
				CFE1478E2A117DD800C3BABD /* Create_Answer_goodUITestsLaunchTests.swift */,
			);
			path = "Create Answer goodUITests";
			sourceTree = "<group>";
		};
/* End PBXGroup section */

/* Begin PBXNativeTarget section */
		CFE147672A117DD300C3BABD /* Create Answer good */ = {
			isa = PBXNativeTarget;
			buildConfigurationList = CFE147922A117DD800C3BABD /* Build configuration list for PBXNativeTarget "Create Answer good" */;
			buildPhases = (
				CFE147642A117DD300C3BABD /* Sources */,
				CFE147652A117DD300C3BABD /* Frameworks */,
				CFE147662A117DD300C3BABD /* Resources */,
			);
			buildRules = (
			);
			dependencies = (
			);
			name = "Create Answer good";
			productName = "Create Answer good";
			productReference = CFE147682A117DD300C3BABD /* Create Answer good.app */;
			productType = "com.apple.product-type.application";
		};
		CFE1477D2A117DD800C3BABD /* Create Answer goodTests */ = {
			isa = PBXNativeTarget;
			buildConfigurationList = CFE147952A117DD800C3BABD /* Build configuration list for PBXNativeTarget "Create Answer goodTests" */;
			buildPhases = (
				CFE1477A2A117DD800C3BABD /* Sources */,
				CFE1477B2A117DD800C3BABD /* Frameworks */,
				CFE1477C2A117DD800C3BABD /* Resources */,
			);
			buildRules = (
			);
			dependencies = (
				CFE147802A117DD800C3BABD /* PBXTargetDependency */,
			);
			name = "Create Answer goodTests";
			productName = "Create Answer goodTests";
			productReference = CFE1477E2A117DD800C3BABD /* Create Answer goodTests.xctest */;
			productType = "com.apple.product-type.bundle.unit-test";
		};
		CFE147872A117DD800C3BABD /* Create Answer goodUITests */ = {
			isa = PBXNativeTarget;
			buildConfigurationList = CFE147982A117DD800C3BABD /* Build configuration list for PBXNativeTarget "Create Answer goodUITests" */;
			buildPhases = (
				CFE147842A117DD800C3BABD /* Sources */,
				CFE147852A117DD800C3BABD /* Frameworks */,
				CFE147862A117DD800C3BABD /* Resources */,
			);
			buildRules = (
			);
			dependencies = (
				CFE1478A2A117DD800C3BABD /* PBXTargetDependency */,
			);
			name = "Create Answer goodUITests";
			productName = "Create Answer goodUITests";
			productReference = CFE147882A117DD800C3BABD /* Create Answer goodUITests.xctest */;
			productType = "com.apple.product-type.bundle.ui-testing";
		};
/* End PBXNativeTarget section */

/* Begin PBXProject section */
		CFE147602A117DD300C3BABD /* Project object */ = {
			isa = PBXProject;
			attributes = {
				BuildIndependentTargetsInParallel = 1;
				LastSwiftUpdateCheck = 1420;
				LastUpgradeCheck = 1420;
				TargetAttributes = {
					CFE147672A117DD300C3BABD = {
						CreatedOnToolsVersion = 14.2;
					};
					CFE1477D2A117DD800C3BABD = {
						CreatedOnToolsVersion = 14.2;
						TestTargetID = CFE147672A117DD300C3BABD;
					};
					CFE147872A117DD800C3BABD = {
						CreatedOnToolsVersion = 14.2;
						TestTargetID = CFE147672A117DD300C3BABD;
					};
				};
			};
			buildConfigurationList = CFE147632A117DD300C3BABD /* Build configuration list for PBXProject "Create Answer good" */;
			compatibilityVersion = "Xcode 14.0";
			developmentRegion = en;
			hasScannedForEncodings = 0;
			knownRegions = (
				en,
				Base,
			);
			mainGroup = CFE1475F2A117DD300C3BABD;
			productRefGroup = CFE147692A117DD300C3BABD /* Products */;
			projectDirPath = "";
			projectRoot = "";
			targets = (
				CFE147672A117DD300C3BABD /* Create Answer good */,
				CFE1477D2A117DD800C3BABD /* Create Answer goodTests */,
				CFE147872A117DD800C3BABD /* Create Answer goodUITests */,
			);
		};
/* End PBXProject section */

/* Begin PBXResourcesBuildPhase section */
		CFE147662A117DD300C3BABD /* Resources */ = {
			isa = PBXResourcesBuildPhase;
			buildActionMask = 2147483647;
			files = (
				CFE147782A117DD700C3BABD /* LaunchScreen.storyboard in Resources */,
				CFE147752A117DD700C3BABD /* Assets.xcassets in Resources */,
				CFE147732A117DD300C3BABD /* Main.storyboard in Resources */,
			);
			runOnlyForDeploymentPostprocessing = 0;
		};
		CFE1477C2A117DD800C3BABD /* Resources */ = {
			isa = PBXResourcesBuildPhase;
			buildActionMask = 2147483647;
			files = (
			);
			runOnlyForDeploymentPostprocessing = 0;
		};
		CFE147862A117DD800C3BABD /* Resources */ = {
			isa = PBXResourcesBuildPhase;
			buildActionMask = 2147483647;
			files = (
			);
			runOnlyForDeploymentPostprocessing = 0;
		};
/* End PBXResourcesBuildPhase section */

/* Begin PBXSourcesBuildPhase section */
		CFE147642A117DD300C3BABD /* Sources */ = {
			isa = PBXSourcesBuildPhase;
			buildActionMask = 2147483647;
			files = (
				CFE147702A117DD300C3BABD /* ViewController.swift in Sources */,
				CFE1476C2A117DD300C3BABD /* AppDelegate.swift in Sources */,
				CFE1476E2A117DD300C3BABD /* SceneDelegate.swift in Sources */,
			);
			runOnlyForDeploymentPostprocessing = 0;
		};
		CFE1477A2A117DD800C3BABD /* Sources */ = {
			isa = PBXSourcesBuildPhase;
			buildActionMask = 2147483647;
			files = (
				CFE147832A117DD800C3BABD /* Create_Answer_goodTests.swift in Sources */,
			);
			runOnlyForDeploymentPostprocessing = 0;
		};
		CFE147842A117DD800C3BABD /* Sources */ = {
			isa = PBXSourcesBuildPhase;
			buildActionMask = 2147483647;
			files = (
				CFE1478D2A117DD800C3BABD /* Create_Answer_goodUITests.swift in Sources */,
				CFE1478F2A117DD800C3BABD /* Create_Answer_goodUITestsLaunchTests.swift in Sources */,
			);
			runOnlyForDeploymentPostprocessing = 0;
		};
/* End PBXSourcesBuildPhase section */

/* Begin PBXTargetDependency section */
		CFE147802A117DD800C3BABD /* PBXTargetDependency */ = {
			isa = PBXTargetDependency;
			target = CFE147672A117DD300C3BABD /* Create Answer good */;
			targetProxy = CFE1477F2A117DD800C3BABD /* PBXContainerItemProxy */;
		};
		CFE1478A2A117DD800C3BABD /* PBXTargetDependency */ = {
			isa = PBXTargetDependency;
			target = CFE147672A117DD300C3BABD /* Create Answer good */;
			targetProxy = CFE147892A117DD800C3BABD /* PBXContainerItemProxy */;
		};
/* End PBXTargetDependency section */

/* Begin PBXVariantGroup section */
		CFE147712A117DD300C3BABD /* Main.storyboard */ = {
			isa = PBXVariantGroup;
			children = (
				CFE147722A117DD300C3BABD /* Base */,
			);
			name = Main.storyboard;
			sourceTree = "<group>";
		};
		CFE147762A117DD700C3BABD /* LaunchScreen.storyboard */ = {
			isa = PBXVariantGroup;
			children = (
				CFE147772A117DD700C3BABD /* Base */,
			);
			name = LaunchScreen.storyboard;
			sourceTree = "<group>";
		};
/* End PBXVariantGroup section */

/* Begin XCBuildConfiguration section */
		CFE147902A117DD800C3BABD /* Debug */ = {
			isa = XCBuildConfiguration;
			buildSettings = {
				ALWAYS_SEARCH_USER_PATHS = NO;
				CLANG_ANALYZER_NONNULL = YES;
				CLANG_ANALYZER_NUMBER_OBJECT_CONVERSION = YES_AGGRESSIVE;
				CLANG_CXX_LANGUAGE_STANDARD = "gnu++20";
				CLANG_ENABLE_MODULES = YES;
				CLANG_ENABLE_OBJC_ARC = YES;
				CLANG_ENABLE_OBJC_WEAK = YES;
				CLANG_WARN_BLOCK_CAPTURE_AUTORELEASING = YES;
				CLANG_WARN_BOOL_CONVERSION = YES;
				CLANG_WARN_COMMA = YES;
				CLANG_WARN_CONSTANT_CONVERSION = YES;
				CLANG_WARN_DEPRECATED_OBJC_IMPLEMENTATIONS = YES;
				CLANG_WARN_DIRECT_OBJC_ISA_USAGE = YES_ERROR;
				CLANG_WARN_DOCUMENTATION_COMMENTS = YES;
				CLANG_WARN_EMPTY_BODY = YES;
				CLANG_WARN_ENUM_CONVERSION = YES;
				CLANG_WARN_INFINITE_RECURSION = YES;
				CLANG_WARN_INT_CONVERSION = YES;
				CLANG_WARN_NON_LITERAL_NULL_CONVERSION = YES;
				CLANG_WARN_OBJC_IMPLICIT_RETAIN_SELF = YES;
				CLANG_WARN_OBJC_LITERAL_CONVERSION = YES;
				CLANG_WARN_OBJC_ROOT_CLASS = YES_ERROR;
				CLANG_WARN_QUOTED_INCLUDE_IN_FRAMEWORK_HEADER = YES;
				CLANG_WARN_RANGE_LOOP_ANALYSIS = YES;
				CLANG_WARN_STRICT_PROTOTYPES = YES;
				CLANG_WARN_SUSPICIOUS_MOVE = YES;
				CLANG_WARN_UNGUARDED_AVAILABILITY = YES_AGGRESSIVE;
				CLANG_WARN_UNREACHABLE_CODE = YES;
				CLANG_WARN__DUPLICATE_METHOD_MATCH = YES;
				COPY_PHASE_STRIP = NO;
				DEBUG_INFORMATION_FORMAT = dwarf;
				ENABLE_STRICT_OBJC_MSGSEND = YES;
				ENABLE_TESTABILITY = YES;
				GCC_C_LANGUAGE_STANDARD = gnu11;
				GCC_DYNAMIC_NO_PIC = NO;
				GCC_NO_COMMON_BLOCKS = YES;
				GCC_OPTIMIZATION_LEVEL = 0;
				GCC_PREPROCESSOR_DEFINITIONS = (
					"DEBUG=1",
					"$(inherited)",
				);
				GCC_WARN_64_TO_32_BIT_CONVERSION = YES;
				GCC_WARN_ABOUT_RETURN_TYPE = YES_ERROR;
				GCC_WARN_UNDECLARED_SELECTOR = YES;
				GCC_WARN_UNINITIALIZED_AUTOS = YES_AGGRESSIVE;
				GCC_WARN_UNUSED_FUNCTION = YES;
				GCC_WARN_UNUSED_VARIABLE = YES;
				IPHONEOS_DEPLOYMENT_TARGET = 16.2;
				MTL_ENABLE_DEBUG_INFO = INCLUDE_SOURCE;
				MTL_FAST_MATH = YES;
				ONLY_ACTIVE_ARCH = YES;
				SDKROOT = iphoneos;
				SWIFT_ACTIVE_COMPILATION_CONDITIONS = DEBUG;
				SWIFT_OPTIMIZATION_LEVEL = "-Onone";
			};
			name = Debug;
		};
		CFE147912A117DD800C3BABD /* Release */ = {
			isa = XCBuildConfiguration;
			buildSettings = {
				ALWAYS_SEARCH_USER_PATHS = NO;
				CLANG_ANALYZER_NONNULL = YES;
				CLANG_ANALYZER_NUMBER_OBJECT_CONVERSION = YES_AGGRESSIVE;
				CLANG_CXX_LANGUAGE_STANDARD = "gnu++20";
				CLANG_ENABLE_MODULES = YES;
				CLANG_ENABLE_OBJC_ARC = YES;
				CLANG_ENABLE_OBJC_WEAK = YES;
				CLANG_WARN_BLOCK_CAPTURE_AUTORELEASING = YES;
				CLANG_WARN_BOOL_CONVERSION = YES;
				CLANG_WARN_COMMA = YES;
				CLANG_WARN_CONSTANT_CONVERSION = YES;
				CLANG_WARN_DEPRECATED_OBJC_IMPLEMENTATIONS = YES;
				CLANG_WARN_DIRECT_OBJC_ISA_USAGE = YES_ERROR;
				CLANG_WARN_DOCUMENTATION_COMMENTS = YES;
				CLANG_WARN_EMPTY_BODY = YES;
				CLANG_WARN_ENUM_CONVERSION = YES;
				CLANG_WARN_INFINITE_RECURSION = YES;
				CLANG_WARN_INT_CONVERSION = YES;
				CLANG_WARN_NON_LITERAL_NULL_CONVERSION = YES;
				CLANG_WARN_OBJC_IMPLICIT_RETAIN_SELF = YES;
				CLANG_WARN_OBJC_LITERAL_CONVERSION = YES;
				CLANG_WARN_OBJC_ROOT_CLASS = YES_ERROR;
				CLANG_WARN_QUOTED_INCLUDE_IN_FRAMEWORK_HEADER = YES;
				CLANG_WARN_RANGE_LOOP_ANALYSIS = YES;
				CLANG_WARN_STRICT_PROTOTYPES = YES;
				CLANG_WARN_SUSPICIOUS_MOVE = YES;
				CLANG_WARN_UNGUARDED_AVAILABILITY = YES_AGGRESSIVE;
				CLANG_WARN_UNREACHABLE_CODE = YES;
				CLANG_WARN__DUPLICATE_METHOD_MATCH = YES;
				COPY_PHASE_STRIP = NO;
				DEBUG_INFORMATION_FORMAT = "dwarf-with-dsym";
				ENABLE_NS_ASSERTIONS = NO;
				ENABLE_STRICT_OBJC_MSGSEND = YES;
				GCC_C_LANGUAGE_STANDARD = gnu11;
				GCC_NO_COMMON_BLOCKS = YES;
				GCC_WARN_64_TO_32_BIT_CONVERSION = YES;
				GCC_WARN_ABOUT_RETURN_TYPE = YES_ERROR;
				GCC_WARN_UNDECLARED_SELECTOR = YES;
				GCC_WARN_UNINITIALIZED_AUTOS = YES_AGGRESSIVE;
				GCC_WARN_UNUSED_FUNCTION = YES;
				GCC_WARN_UNUSED_VARIABLE = YES;
				IPHONEOS_DEPLOYMENT_TARGET = 16.2;
				MTL_ENABLE_DEBUG_INFO = NO;
				MTL_FAST_MATH = YES;
				SDKROOT = iphoneos;
				SWIFT_COMPILATION_MODE = wholemodule;
				SWIFT_OPTIMIZATION_LEVEL = "-O";
				VALIDATE_PRODUCT = YES;
			};
			name = Release;
		};
		CFE147932A117DD800C3BABD /* Debug */ = {
			isa = XCBuildConfiguration;
			buildSettings = {
				ASSETCATALOG_COMPILER_APPICON_NAME = AppIcon;
				ASSETCATALOG_COMPILER_GLOBAL_ACCENT_COLOR_NAME = AccentColor;
				CODE_SIGN_STYLE = Automatic;
				CURRENT_PROJECT_VERSION = 1;
				DEVELOPMENT_TEAM = G5NSQ8375H;
				GENERATE_INFOPLIST_FILE = YES;
				INFOPLIST_FILE = "Create Answer good/Info.plist";
				INFOPLIST_KEY_UIApplicationSupportsIndirectInputEvents = YES;
				INFOPLIST_KEY_UILaunchStoryboardName = LaunchScreen;
				INFOPLIST_KEY_UIMainStoryboardFile = Main;
				INFOPLIST_KEY_UISupportedInterfaceOrientations_iPad = "UIInterfaceOrientationPortrait UIInterfaceOrientationPortraitUpsideDown UIInterfaceOrientationLandscapeLeft UIInterfaceOrientationLandscapeRight";
				INFOPLIST_KEY_UISupportedInterfaceOrientations_iPhone = "UIInterfaceOrientationPortrait UIInterfaceOrientationLandscapeLeft UIInterfaceOrientationLandscapeRight";
				LD_RUNPATH_SEARCH_PATHS = (
					"$(inherited)",
					"@executable_path/Frameworks",
				);
				MARKETING_VERSION = 1.0;
				PRODUCT_BUNDLE_IDENTIFIER = "com.qwvvhnmmoopkg45bq.Create-Answer-good";
				PRODUCT_NAME = "$(TARGET_NAME)";
				SWIFT_EMIT_LOC_STRINGS = YES;
				SWIFT_VERSION = 5.0;
				TARGETED_DEVICE_FAMILY = "1,2";
			};
			name = Debug;
		};
		CFE147942A117DD800C3BABD /* Release */ = {
			isa = XCBuildConfiguration;
			buildSettings = {
				ASSETCATALOG_COMPILER_APPICON_NAME = AppIcon;
				ASSETCATALOG_COMPILER_GLOBAL_ACCENT_COLOR_NAME = AccentColor;
				CODE_SIGN_STYLE = Automatic;
				CURRENT_PROJECT_VERSION = 1;
				DEVELOPMENT_TEAM = G5NSQ8375H;
				GENERATE_INFOPLIST_FILE = YES;
				INFOPLIST_FILE = "Create Answer good/Info.plist";
				INFOPLIST_KEY_UIApplicationSupportsIndirectInputEvents = YES;
				INFOPLIST_KEY_UILaunchStoryboardName = LaunchScreen;
				INFOPLIST_KEY_UIMainStoryboardFile = Main;
				INFOPLIST_KEY_UISupportedInterfaceOrientations_iPad = "UIInterfaceOrientationPortrait UIInterfaceOrientationPortraitUpsideDown UIInterfaceOrientationLandscapeLeft UIInterfaceOrientationLandscapeRight";
				INFOPLIST_KEY_UISupportedInterfaceOrientations_iPhone = "UIInterfaceOrientationPortrait UIInterfaceOrientationLandscapeLeft UIInterfaceOrientationLandscapeRight";
				LD_RUNPATH_SEARCH_PATHS = (
					"$(inherited)",
					"@executable_path/Frameworks",
				);
				MARKETING_VERSION = 1.0;
				PRODUCT_BUNDLE_IDENTIFIER = "com.qwvvhnmmoopkg45bq.Create-Answer-good";
				PRODUCT_NAME = "$(TARGET_NAME)";
				SWIFT_EMIT_LOC_STRINGS = YES;
				SWIFT_VERSION = 5.0;
				TARGETED_DEVICE_FAMILY = "1,2";
			};
			name = Release;
		};
		CFE147962A117DD800C3BABD /* Debug */ = {
			isa = XCBuildConfiguration;
			buildSettings = {
				ALWAYS_EMBED_SWIFT_STANDARD_LIBRARIES = YES;
				BUNDLE_LOADER = "$(TEST_HOST)";
				CODE_SIGN_STYLE = Automatic;
				CURRENT_PROJECT_VERSION = 1;
				DEVELOPMENT_TEAM = G5NSQ8375H;
				GENERATE_INFOPLIST_FILE = YES;
				IPHONEOS_DEPLOYMENT_TARGET = 16.2;
				MARKETING_VERSION = 1.0;
				PRODUCT_BUNDLE_IDENTIFIER = "com.qwvvhnmmoopkg45bq.Create-Answer-goodTests";
				PRODUCT_NAME = "$(TARGET_NAME)";
				SWIFT_EMIT_LOC_STRINGS = NO;
				SWIFT_VERSION = 5.0;
				TARGETED_DEVICE_FAMILY = "1,2";
				TEST_HOST = "$(BUILT_PRODUCTS_DIR)/Create Answer good.app/$(BUNDLE_EXECUTABLE_FOLDER_PATH)/Create Answer good";
			};
			name = Debug;
		};
		CFE147972A117DD800C3BABD /* Release */ = {
			isa = XCBuildConfiguration;
			buildSettings = {
				ALWAYS_EMBED_SWIFT_STANDARD_LIBRARIES = YES;
				BUNDLE_LOADER = "$(TEST_HOST)";
				CODE_SIGN_STYLE = Automatic;
				CURRENT_PROJECT_VERSION = 1;
				DEVELOPMENT_TEAM = G5NSQ8375H;
				GENERATE_INFOPLIST_FILE = YES;
				IPHONEOS_DEPLOYMENT_TARGET = 16.2;
				MARKETING_VERSION = 1.0;
				PRODUCT_BUNDLE_IDENTIFIER = "com.qwvvhnmmoopkg45bq.Create-Answer-goodTests";
				PRODUCT_NAME = "$(TARGET_NAME)";
				SWIFT_EMIT_LOC_STRINGS = NO;
				SWIFT_VERSION = 5.0;
				TARGETED_DEVICE_FAMILY = "1,2";
				TEST_HOST = "$(BUILT_PRODUCTS_DIR)/Create Answer good.app/$(BUNDLE_EXECUTABLE_FOLDER_PATH)/Create Answer good";
			};
			name = Release;
		};
		CFE147992A117DD800C3BABD /* Debug */ = {
			isa = XCBuildConfiguration;
			buildSettings = {
				ALWAYS_EMBED_SWIFT_STANDARD_LIBRARIES = YES;
				CODE_SIGN_STYLE = Automatic;
				CURRENT_PROJECT_VERSION = 1;
				DEVELOPMENT_TEAM = G5NSQ8375H;
				GENERATE_INFOPLIST_FILE = YES;
				MARKETING_VERSION = 1.0;
				PRODUCT_BUNDLE_IDENTIFIER = "com.qwvvhnmmoopkg45bq.Create-Answer-goodUITests";
				PRODUCT_NAME = "$(TARGET_NAME)";
				SWIFT_EMIT_LOC_STRINGS = NO;
				SWIFT_VERSION = 5.0;
				TARGETED_DEVICE_FAMILY = "1,2";
				TEST_TARGET_NAME = "Create Answer good";
			};
			name = Debug;
		};
		CFE1479A2A117DD800C3BABD /* Release */ = {
			isa = XCBuildConfiguration;
			buildSettings = {
				ALWAYS_EMBED_SWIFT_STANDARD_LIBRARIES = YES;
				CODE_SIGN_STYLE = Automatic;
				CURRENT_PROJECT_VERSION = 1;
				DEVELOPMENT_TEAM = G5NSQ8375H;
				GENERATE_INFOPLIST_FILE = YES;
				MARKETING_VERSION = 1.0;
				PRODUCT_BUNDLE_IDENTIFIER = "com.qwvvhnmmoopkg45bq.Create-Answer-goodUITests";
				PRODUCT_NAME = "$(TARGET_NAME)";
				SWIFT_EMIT_LOC_STRINGS = NO;
				SWIFT_VERSION = 5.0;
				TARGETED_DEVICE_FAMILY = "1,2";
				TEST_TARGET_NAME = "Create Answer good";
			};
			name = Release;
		};
/* End XCBuildConfiguration section */

/* Begin XCConfigurationList section */
		CFE147632A117DD300C3BABD /* Build configuration list for PBXProject "Create Answer good" */ = {
			isa = XCConfigurationList;
			buildConfigurations = (
				CFE147902A117DD800C3BABD /* Debug */,
				CFE147912A117DD800C3BABD /* Release */,
			);
			defaultConfigurationIsVisible = 0;
			defaultConfigurationName = Release;
		};
		CFE147922A117DD800C3BABD /* Build configuration list for PBXNativeTarget "Create Answer good" */ = {
			isa = XCConfigurationList;
			buildConfigurations = (
				CFE147932A117DD800C3BABD /* Debug */,
				CFE147942A117DD800C3BABD /* Release */,
			);
			defaultConfigurationIsVisible = 0;
			defaultConfigurationName = Release;
		};
		CFE147952A117DD800C3BABD /* Build configuration list for PBXNativeTarget "Create Answer goodTests" */ = {
			isa = XCConfigurationList;
			buildConfigurations = (
				CFE147962A117DD800C3BABD /* Debug */,
				CFE147972A117DD800C3BABD /* Release */,
			);
			defaultConfigurationIsVisible = 0;
			defaultConfigurationName = Release;
		};
		CFE147982A117DD800C3BABD /* Build configuration list for PBXNativeTarget "Create Answer goodUITests" */ = {
			isa = XCConfigurationList;
			buildConfigurations = (
				CFE147992A117DD800C3BABD /* Debug */,
				CFE1479A2A117DD800C3BABD /* Release */,
			);
			defaultConfigurationIsVisible = 0;
			defaultConfigurationName = Release;
		};
/* End XCConfigurationList section */
	};
	rootObject = CFE147602A117DD300C3BABD /* Project object */;
}
